
Microsoft Visual Studio Solution File, Format Version 12.00
# Visual Studio Version 16
VisualStudioVersion = 16.0.29215.179
MinimumVisualStudioVersion = 10.0.40219.1
Project("{00D1A9C2-B5F0-4AF3-8072-F6C62B433612}") = "sampleDatabases", "sampleDatabases\sampleDatabases.sqlproj", "{893615C8-D22D-489C-BA24-17FBE6138A8D}"
EndProject
Global
	GlobalSection(SolutionConfigurationPlatforms) = preSolution
		Debug|Any CPU = Debug|Any CPU
		Release|Any CPU = Release|Any CPU
	EndGlobalSection
	GlobalSection(ProjectConfigurationPlatforms) = postSolution
		{893615C8-D22D-489C-BA24-17FBE6138A8D}.Debug|Any CPU.ActiveCfg = Debug|Any CPU
		{893615C8-D22D-489C-BA24-17FBE6138A8D}.Debug|Any CPU.Build.0 = Debug|Any CPU
		{893615C8-D22D-489C-BA24-17FBE6138A8D}.Debug|Any CPU.Deploy.0 = Debug|Any CPU
		{893615C8-D22D-489C-BA24-17FBE6138A8D}.Release|Any CPU.ActiveCfg = Release|Any CPU
		{893615C8-D22D-489C-BA24-17FBE6138A8D}.Release|Any CPU.Build.0 = Release|Any CPU
		{893615C8-D22D-489C-BA24-17FBE6138A8D}.Release|Any CPU.Deploy.0 = Release|Any CPU
	EndGlobalSection
	GlobalSection(SolutionProperties) = preSolution
		HideSolutionNode = FALSE
	EndGlobalSection
	GlobalSection(ExtensibilityGlobals) = postSolution
		SolutionGuid = {99BF8C88-05EF-41F7-9E39-0F6A87E6F97F}
	EndGlobalSection
EndGlobal
